
Microsoft Visual Studio Solution File, Format Version 12.00
# Visual Studio 2013
VisualStudioVersion = 12.0.21005.1
MinimumVisualStudioVersion = 10.0.40219.1
Project("{FAE04EC0-301F-11D3-BF4B-00C04F79EFBC}") = "CRUDApplication", "Dev\CRUDApplication\CRUDApplication.csproj", "{3BE6C147-B0FF-4398-A3AE-BFBC7910F5E1}"
EndProject
Project("{FAE04EC0-301F-11D3-BF4B-00C04F79EFBC}") = "EntitiesVO", "EntitiesVO\EntitiesVO.csproj", "{24F8A0BF-EBEC-4C20-A6A6-FEE8066A0E29}"
EndProject
Project("{FAE04EC0-301F-11D3-BF4B-00C04F79EFBC}") = "CRUDApplicationBO", "CRUDApplicationBO\CRUDApplicationBO.csproj", "{797EA772-53B2-4362-9C3D-BCF8D0CC5CC2}"
EndProject
Project("{FAE04EC0-301F-11D3-BF4B-00C04F79EFBC}") = "CRUDApplicationDO", "CRUDApplicationDO\CRUDApplicationDO.csproj", "{2261BFAA-EBB0-4B21-A85B-672164A3CA16}"
EndProject
Global
	GlobalSection(SolutionConfigurationPlatforms) = preSolution
		Debug|Any CPU = Debug|Any CPU
		Release|Any CPU = Release|Any CPU
	EndGlobalSection
	GlobalSection(ProjectConfigurationPlatforms) = postSolution
		{3BE6C147-B0FF-4398-A3AE-BFBC7910F5E1}.Debug|Any CPU.ActiveCfg = Debug|Any CPU
		{3BE6C147-B0FF-4398-A3AE-BFBC7910F5E1}.Debug|Any CPU.Build.0 = Debug|Any CPU
		{3BE6C147-B0FF-4398-A3AE-BFBC7910F5E1}.Release|Any CPU.ActiveCfg = Release|Any CPU
		{3BE6C147-B0FF-4398-A3AE-BFBC7910F5E1}.Release|Any CPU.Build.0 = Release|Any CPU
		{24F8A0BF-EBEC-4C20-A6A6-FEE8066A0E29}.Debug|Any CPU.ActiveCfg = Debug|Any CPU
		{24F8A0BF-EBEC-4C20-A6A6-FEE8066A0E29}.Debug|Any CPU.Build.0 = Debug|Any CPU
		{24F8A0BF-EBEC-4C20-A6A6-FEE8066A0E29}.Release|Any CPU.ActiveCfg = Release|Any CPU
		{24F8A0BF-EBEC-4C20-A6A6-FEE8066A0E29}.Release|Any CPU.Build.0 = Release|Any CPU
		{797EA772-53B2-4362-9C3D-BCF8D0CC5CC2}.Debug|Any CPU.ActiveCfg = Debug|Any CPU
		{797EA772-53B2-4362-9C3D-BCF8D0CC5CC2}.Debug|Any CPU.Build.0 = Debug|Any CPU
		{797EA772-53B2-4362-9C3D-BCF8D0CC5CC2}.Release|Any CPU.ActiveCfg = Release|Any CPU
		{797EA772-53B2-4362-9C3D-BCF8D0CC5CC2}.Release|Any CPU.Build.0 = Release|Any CPU
		{2261BFAA-EBB0-4B21-A85B-672164A3CA16}.Debug|Any CPU.ActiveCfg = Debug|Any CPU
		{2261BFAA-EBB0-4B21-A85B-672164A3CA16}.Debug|Any CPU.Build.0 = Debug|Any CPU
		{2261BFAA-EBB0-4B21-A85B-672164A3CA16}.Release|Any CPU.ActiveCfg = Release|Any CPU
		{2261BFAA-EBB0-4B21-A85B-672164A3CA16}.Release|Any CPU.Build.0 = Release|Any CPU
	EndGlobalSection
	GlobalSection(SolutionProperties) = preSolution
		HideSolutionNode = FALSE
	EndGlobalSection
EndGlobal
